
Microsoft Visual Studio Solution File, Format Version 12.00
# Visual Studio Version 17
VisualStudioVersion = 17.4.33103.184
MinimumVisualStudioVersion = 10.0.40219.1
Project("{FAE04EC0-301F-11D3-BF4B-00C04F79EFBC}") = "MovieLibrary2", "MovieLibrary2.csproj", "{068D6181-323A-4315-B249-DF834A6CE2EF}"
EndProject
Project("{9A19103F-16F7-4668-BE54-9A1E7A4F7556}") = "MovieLibraryEntities", "..\..\MovieLibraryEntities\MovieLibraryEntities.csproj", "{F0CDE2FF-3D66-4F44-A48B-6B62C020DCA0}"
EndProject
Global
	GlobalSection(SolutionConfigurationPlatforms) = preSolution
		Debug|Any CPU = Debug|Any CPU
		Release|Any CPU = Release|Any CPU
	EndGlobalSection
	GlobalSection(ProjectConfigurationPlatforms) = postSolution
		{068D6181-323A-4315-B249-DF834A6CE2EF}.Debug|Any CPU.ActiveCfg = Debug|Any CPU
		{068D6181-323A-4315-B249-DF834A6CE2EF}.Debug|Any CPU.Build.0 = Debug|Any CPU
		{068D6181-323A-4315-B249-DF834A6CE2EF}.Release|Any CPU.ActiveCfg = Release|Any CPU
		{068D6181-323A-4315-B249-DF834A6CE2EF}.Release|Any CPU.Build.0 = Release|Any CPU
		{F0CDE2FF-3D66-4F44-A48B-6B62C020DCA0}.Debug|Any CPU.ActiveCfg = Debug|Any CPU
		{F0CDE2FF-3D66-4F44-A48B-6B62C020DCA0}.Debug|Any CPU.Build.0 = Debug|Any CPU
		{F0CDE2FF-3D66-4F44-A48B-6B62C020DCA0}.Release|Any CPU.ActiveCfg = Release|Any CPU
		{F0CDE2FF-3D66-4F44-A48B-6B62C020DCA0}.Release|Any CPU.Build.0 = Release|Any CPU
	EndGlobalSection
	GlobalSection(SolutionProperties) = preSolution
		HideSolutionNode = FALSE
	EndGlobalSection
	GlobalSection(ExtensibilityGlobals) = postSolution
		SolutionGuid = {EC65FC5C-993C-4A8E-97ED-78F336FD1F5E}
	EndGlobalSection
EndGlobal
